
Microsoft Visual Studio Solution File, Format Version 12.00
# Visual Studio Version 17
VisualStudioVersion = 17.2.32505.173
MinimumVisualStudioVersion = 10.0.40219.1
Project("{2150E333-8FDC-42A3-9474-1A3956D46DE8}") = "src", "src", "{166EF9D7-293D-41D9-8D65-47AA4DCD03FE}"
EndProject
Project("{2150E333-8FDC-42A3-9474-1A3956D46DE8}") = "Core", "Core", "{368067E5-1DA0-4510-938F-1931883E4255}"
EndProject
Project("{2150E333-8FDC-42A3-9474-1A3956D46DE8}") = "Infrastructure", "Infrastructure", "{2DF1F5B6-4FA4-48D9-871C-A8BA416467BF}"
EndProject
Project("{2150E333-8FDC-42A3-9474-1A3956D46DE8}") = "Common", "Common", "{17C5ED61-EEFE-422A-A36F-BD4002675593}"
EndProject
Project("{2150E333-8FDC-42A3-9474-1A3956D46DE8}") = "Presentation", "Presentation", "{E9F11BAC-2206-4A22-9A4A-5949E5614D8F}"
EndProject
Project("{9A19103F-16F7-4668-BE54-9A1E7A4F7556}") = "Application", "src\Core\Application\Application.csproj", "{C0363DB3-B265-4BDE-AC9D-B25C16E2127E}"
EndProject
Project("{9A19103F-16F7-4668-BE54-9A1E7A4F7556}") = "Domain", "src\Core\Domain\Domain.csproj", "{F3A12874-14CF-40C7-A0A5-3289EE5C9891}"
EndProject
Project("{9A19103F-16F7-4668-BE54-9A1E7A4F7556}") = "Infrastructure", "src\Infrastructure\Infrastructure\Infrastructure.csproj", "{461F600F-03FC-4EA3-96AC-E4A52747DC61}"
EndProject
Project("{9A19103F-16F7-4668-BE54-9A1E7A4F7556}") = "Common", "src\Common\Common\Common.csproj", "{3AA9F34B-8030-46F4-86BC-B0961BEAD86F}"
EndProject
Project("{2150E333-8FDC-42A3-9474-1A3956D46DE8}") = "docs", "docs", "{147D36DD-90DC-4B48-BE62-608C21E35EDD}"
EndProject
Project("{2150E333-8FDC-42A3-9474-1A3956D46DE8}") = "Server", "Server", "{0FDB9FFE-CAB6-4529-93D9-D2DB65602391}"
EndProject
Project("{2150E333-8FDC-42A3-9474-1A3956D46DE8}") = "Architecture", "Architecture", "{C5908692-3CCF-44D1-9A11-CF77FAB0FFF4}"
	ProjectSection(SolutionItems) = preProject
		docs\Architecture\EF migrations.md = docs\Architecture\EF migrations.md
		docs\Architecture\New application.md = docs\Architecture\New application.md
	EndProjectSection
EndProject
Project("{2150E333-8FDC-42A3-9474-1A3956D46DE8}") = "tests", "tests", "{943D29A4-42CB-48B0-9F06-034E6E56F14B}"
EndProject
Project("{2150E333-8FDC-42A3-9474-1A3956D46DE8}") = "Common", "Common", "{89C25499-909F-4BA8-B1AA-5355014B6DA4}"
EndProject
Project("{2150E333-8FDC-42A3-9474-1A3956D46DE8}") = "Core", "Core", "{8A5BEA99-2DCA-46B0-B1C0-C0C1D780B29D}"
EndProject
Project("{2150E333-8FDC-42A3-9474-1A3956D46DE8}") = "Infrastructure", "Infrastructure", "{40586BEA-2191-493F-8807-9415CDD6547E}"
EndProject
Project("{2150E333-8FDC-42A3-9474-1A3956D46DE8}") = "Presentation", "Presentation", "{69FBF658-DCDF-4B17-AD2F-2D61CF1BAEE7}"
EndProject
Project("{2150E333-8FDC-42A3-9474-1A3956D46DE8}") = "Domain", "Domain", "{59CE3944-9C86-43EC-9D8A-18A1070CF254}"
EndProject
Project("{2150E333-8FDC-42A3-9474-1A3956D46DE8}") = "Application", "Application", "{EAC1A08D-EC91-4A0C-B81B-7B41C14B792B}"
EndProject
Project("{9A19103F-16F7-4668-BE54-9A1E7A4F7556}") = "UnitTests", "tests\Core\Application\UnitTests\UnitTests.csproj", "{5F148975-1174-4AEE-B177-0AC22FA4376A}"
EndProject
Project("{2150E333-8FDC-42A3-9474-1A3956D46DE8}") = "Inftrastructure", "Inftrastructure", "{263E38BB-0065-496C-A122-AFA9BEDF9B1D}"
EndProject
Project("{9A19103F-16F7-4668-BE54-9A1E7A4F7556}") = "UnitTests", "tests\Infrastructure\Infrastructure\UnitTests\UnitTests.csproj", "{C3F7BC12-C168-4D30-BA9A-BAC70779F257}"
EndProject
Project("{9A19103F-16F7-4668-BE54-9A1E7A4F7556}") = "IntegrationTests", "tests\Infrastructure\Infrastructure\IntegrationTests\IntegrationTests.csproj", "{658A5171-F007-42DE-B285-7D4E9453985F}"
EndProject
Project("{9A19103F-16F7-4668-BE54-9A1E7A4F7556}") = "ArchitectureTests", "tests\Common\ArchitectureTests\ArchitectureTests.csproj", "{9B0B744F-5F4E-4C35-8056-5317D31F8EB1}"
EndProject
Project("{9A19103F-16F7-4668-BE54-9A1E7A4F7556}") = "ArchitectureTests", "tests\Core\Application\ArchitectureTests\ArchitectureTests.csproj", "{6E4CA738-48C6-44B7-ADDC-CF1FDBF29418}"
EndProject
Project("{9A19103F-16F7-4668-BE54-9A1E7A4F7556}") = "ArchitectureTests", "tests\Core\Domain\ArchitectureTests\ArchitectureTests.csproj", "{500041C4-F593-4875-A0BA-8C39CC25DCB0}"
EndProject
Project("{9A19103F-16F7-4668-BE54-9A1E7A4F7556}") = "UnitTests", "tests\Core\Domain\UnitTests\UnitTests.csproj", "{6F7B8651-0202-4F6E-8FC7-D50DA4B0C50C}"
EndProject
Project("{9A19103F-16F7-4668-BE54-9A1E7A4F7556}") = "ArchitectureTests", "tests\Infrastructure\Infrastructure\ArchitectureTests\ArchitectureTests.csproj", "{89AC1A2F-4E4C-48C8-A046-197C048D2FEF}"
EndProject
Project("{9A19103F-16F7-4668-BE54-9A1E7A4F7556}") = "UnitTests", "tests\Common\UnitTests\UnitTests.csproj", "{40D140B1-B7F0-47D2-ABCC-7A35F041CE63}"
EndProject
Project("{9A19103F-16F7-4668-BE54-9A1E7A4F7556}") = "Application.Dtos", "src\Core\Application.Dtos\Application.Dtos.csproj", "{B6120D37-45F3-4359-800A-B11AB626EF27}"
EndProject
Project("{9A19103F-16F7-4668-BE54-9A1E7A4F7556}") = "Application.Messaging", "src\Core\Application.Messaging\Application.Messaging.csproj", "{80B79DB1-7D35-4464-A8EF-15ED96FF46E7}"
EndProject
Project("{2150E333-8FDC-42A3-9474-1A3956D46DE8}") = "Client", "Client", "{10F620C8-1B76-43FF-A850-7FC78E248333}"
EndProject
Project("{2150E333-8FDC-42A3-9474-1A3956D46DE8}") = "Authentication", "Authentication", "{295EB894-8F16-4F32-A8D6-DC78BFC33B2F}"
	ProjectSection(SolutionItems) = preProject
		docs\Authentication\Auth0 dashboard setup.md = docs\Authentication\Auth0 dashboard setup.md
		docs\Authentication\Securing Blazor WebAssembly Apps.pdf = docs\Authentication\Securing Blazor WebAssembly Apps.pdf
	EndProjectSection
EndProject
Project("{9A19103F-16F7-4668-BE54-9A1E7A4F7556}") = "WebClient", "src\Presentation\Client\WebClient\WebClient.csproj", "{79DD2AD0-E4FB-456D-A63D-1B7F5215B160}"
EndProject
Project("{9A19103F-16F7-4668-BE54-9A1E7A4F7556}") = "WebApi", "src\Presentation\Server\WebApi\WebApi.csproj", "{40106DF9-9CCD-4F83-96D4-80399006834D}"
EndProject
Global
	GlobalSection(SolutionConfigurationPlatforms) = preSolution
		Debug|Any CPU = Debug|Any CPU
		Release|Any CPU = Release|Any CPU
	EndGlobalSection
	GlobalSection(ProjectConfigurationPlatforms) = postSolution
		{C0363DB3-B265-4BDE-AC9D-B25C16E2127E}.Debug|Any CPU.ActiveCfg = Debug|Any CPU
		{C0363DB3-B265-4BDE-AC9D-B25C16E2127E}.Debug|Any CPU.Build.0 = Debug|Any CPU
		{C0363DB3-B265-4BDE-AC9D-B25C16E2127E}.Release|Any CPU.ActiveCfg = Release|Any CPU
		{C0363DB3-B265-4BDE-AC9D-B25C16E2127E}.Release|Any CPU.Build.0 = Release|Any CPU
		{F3A12874-14CF-40C7-A0A5-3289EE5C9891}.Debug|Any CPU.ActiveCfg = Debug|Any CPU
		{F3A12874-14CF-40C7-A0A5-3289EE5C9891}.Debug|Any CPU.Build.0 = Debug|Any CPU
		{F3A12874-14CF-40C7-A0A5-3289EE5C9891}.Release|Any CPU.ActiveCfg = Release|Any CPU
		{F3A12874-14CF-40C7-A0A5-3289EE5C9891}.Release|Any CPU.Build.0 = Release|Any CPU
		{461F600F-03FC-4EA3-96AC-E4A52747DC61}.Debug|Any CPU.ActiveCfg = Debug|Any CPU
		{461F600F-03FC-4EA3-96AC-E4A52747DC61}.Debug|Any CPU.Build.0 = Debug|Any CPU
		{461F600F-03FC-4EA3-96AC-E4A52747DC61}.Release|Any CPU.ActiveCfg = Release|Any CPU
		{461F600F-03FC-4EA3-96AC-E4A52747DC61}.Release|Any CPU.Build.0 = Release|Any CPU
		{3AA9F34B-8030-46F4-86BC-B0961BEAD86F}.Debug|Any CPU.ActiveCfg = Debug|Any CPU
		{3AA9F34B-8030-46F4-86BC-B0961BEAD86F}.Debug|Any CPU.Build.0 = Debug|Any CPU
		{3AA9F34B-8030-46F4-86BC-B0961BEAD86F}.Release|Any CPU.ActiveCfg = Release|Any CPU
		{3AA9F34B-8030-46F4-86BC-B0961BEAD86F}.Release|Any CPU.Build.0 = Release|Any CPU
		{5F148975-1174-4AEE-B177-0AC22FA4376A}.Debug|Any CPU.ActiveCfg = Debug|Any CPU
		{5F148975-1174-4AEE-B177-0AC22FA4376A}.Debug|Any CPU.Build.0 = Debug|Any CPU
		{5F148975-1174-4AEE-B177-0AC22FA4376A}.Release|Any CPU.ActiveCfg = Release|Any CPU
		{5F148975-1174-4AEE-B177-0AC22FA4376A}.Release|Any CPU.Build.0 = Release|Any CPU
		{C3F7BC12-C168-4D30-BA9A-BAC70779F257}.Debug|Any CPU.ActiveCfg = Debug|Any CPU
		{C3F7BC12-C168-4D30-BA9A-BAC70779F257}.Debug|Any CPU.Build.0 = Debug|Any CPU
		{C3F7BC12-C168-4D30-BA9A-BAC70779F257}.Release|Any CPU.ActiveCfg = Release|Any CPU
		{C3F7BC12-C168-4D30-BA9A-BAC70779F257}.Release|Any CPU.Build.0 = Release|Any CPU
		{658A5171-F007-42DE-B285-7D4E9453985F}.Debug|Any CPU.ActiveCfg = Debug|Any CPU
		{658A5171-F007-42DE-B285-7D4E9453985F}.Debug|Any CPU.Build.0 = Debug|Any CPU
		{658A5171-F007-42DE-B285-7D4E9453985F}.Release|Any CPU.ActiveCfg = Release|Any CPU
		{658A5171-F007-42DE-B285-7D4E9453985F}.Release|Any CPU.Build.0 = Release|Any CPU
		{9B0B744F-5F4E-4C35-8056-5317D31F8EB1}.Debug|Any CPU.ActiveCfg = Debug|Any CPU
		{9B0B744F-5F4E-4C35-8056-5317D31F8EB1}.Debug|Any CPU.Build.0 = Debug|Any CPU
		{9B0B744F-5F4E-4C35-8056-5317D31F8EB1}.Release|Any CPU.ActiveCfg = Release|Any CPU
		{9B0B744F-5F4E-4C35-8056-5317D31F8EB1}.Release|Any CPU.Build.0 = Release|Any CPU
		{6E4CA738-48C6-44B7-ADDC-CF1FDBF29418}.Debug|Any CPU.ActiveCfg = Debug|Any CPU
		{6E4CA738-48C6-44B7-ADDC-CF1FDBF29418}.Debug|Any CPU.Build.0 = Debug|Any CPU
		{6E4CA738-48C6-44B7-ADDC-CF1FDBF29418}.Release|Any CPU.ActiveCfg = Release|Any CPU
		{6E4CA738-48C6-44B7-ADDC-CF1FDBF29418}.Release|Any CPU.Build.0 = Release|Any CPU
		{500041C4-F593-4875-A0BA-8C39CC25DCB0}.Debug|Any CPU.ActiveCfg = Debug|Any CPU
		{500041C4-F593-4875-A0BA-8C39CC25DCB0}.Debug|Any CPU.Build.0 = Debug|Any CPU
		{500041C4-F593-4875-A0BA-8C39CC25DCB0}.Release|Any CPU.ActiveCfg = Release|Any CPU
		{500041C4-F593-4875-A0BA-8C39CC25DCB0}.Release|Any CPU.Build.0 = Release|Any CPU
		{6F7B8651-0202-4F6E-8FC7-D50DA4B0C50C}.Debug|Any CPU.ActiveCfg = Debug|Any CPU
		{6F7B8651-0202-4F6E-8FC7-D50DA4B0C50C}.Debug|Any CPU.Build.0 = Debug|Any CPU
		{6F7B8651-0202-4F6E-8FC7-D50DA4B0C50C}.Release|Any CPU.ActiveCfg = Release|Any CPU
		{6F7B8651-0202-4F6E-8FC7-D50DA4B0C50C}.Release|Any CPU.Build.0 = Release|Any CPU
		{89AC1A2F-4E4C-48C8-A046-197C048D2FEF}.Debug|Any CPU.ActiveCfg = Debug|Any CPU
		{89AC1A2F-4E4C-48C8-A046-197C048D2FEF}.Debug|Any CPU.Build.0 = Debug|Any CPU
		{89AC1A2F-4E4C-48C8-A046-197C048D2FEF}.Release|Any CPU.ActiveCfg = Release|Any CPU
		{89AC1A2F-4E4C-48C8-A046-197C048D2FEF}.Release|Any CPU.Build.0 = Release|Any CPU
		{40D140B1-B7F0-47D2-ABCC-7A35F041CE63}.Debug|Any CPU.ActiveCfg = Debug|Any CPU
		{40D140B1-B7F0-47D2-ABCC-7A35F041CE63}.Debug|Any CPU.Build.0 = Debug|Any CPU
		{40D140B1-B7F0-47D2-ABCC-7A35F041CE63}.Release|Any CPU.ActiveCfg = Release|Any CPU
		{40D140B1-B7F0-47D2-ABCC-7A35F041CE63}.Release|Any CPU.Build.0 = Release|Any CPU
		{B6120D37-45F3-4359-800A-B11AB626EF27}.Debug|Any CPU.ActiveCfg = Debug|Any CPU
		{B6120D37-45F3-4359-800A-B11AB626EF27}.Debug|Any CPU.Build.0 = Debug|Any CPU
		{B6120D37-45F3-4359-800A-B11AB626EF27}.Release|Any CPU.ActiveCfg = Release|Any CPU
		{B6120D37-45F3-4359-800A-B11AB626EF27}.Release|Any CPU.Build.0 = Release|Any CPU
		{80B79DB1-7D35-4464-A8EF-15ED96FF46E7}.Debug|Any CPU.ActiveCfg = Debug|Any CPU
		{80B79DB1-7D35-4464-A8EF-15ED96FF46E7}.Debug|Any CPU.Build.0 = Debug|Any CPU
		{80B79DB1-7D35-4464-A8EF-15ED96FF46E7}.Release|Any CPU.ActiveCfg = Release|Any CPU
		{80B79DB1-7D35-4464-A8EF-15ED96FF46E7}.Release|Any CPU.Build.0 = Release|Any CPU
		{79DD2AD0-E4FB-456D-A63D-1B7F5215B160}.Debug|Any CPU.ActiveCfg = Debug|Any CPU
		{79DD2AD0-E4FB-456D-A63D-1B7F5215B160}.Debug|Any CPU.Build.0 = Debug|Any CPU
		{79DD2AD0-E4FB-456D-A63D-1B7F5215B160}.Release|Any CPU.ActiveCfg = Release|Any CPU
		{79DD2AD0-E4FB-456D-A63D-1B7F5215B160}.Release|Any CPU.Build.0 = Release|Any CPU
		{40106DF9-9CCD-4F83-96D4-80399006834D}.Debug|Any CPU.ActiveCfg = Debug|Any CPU
		{40106DF9-9CCD-4F83-96D4-80399006834D}.Debug|Any CPU.Build.0 = Debug|Any CPU
		{40106DF9-9CCD-4F83-96D4-80399006834D}.Release|Any CPU.ActiveCfg = Release|Any CPU
		{40106DF9-9CCD-4F83-96D4-80399006834D}.Release|Any CPU.Build.0 = Release|Any CPU
	EndGlobalSection
	GlobalSection(SolutionProperties) = preSolution
		HideSolutionNode = FALSE
	EndGlobalSection
	GlobalSection(NestedProjects) = preSolution
		{368067E5-1DA0-4510-938F-1931883E4255} = {166EF9D7-293D-41D9-8D65-47AA4DCD03FE}
		{2DF1F5B6-4FA4-48D9-871C-A8BA416467BF} = {166EF9D7-293D-41D9-8D65-47AA4DCD03FE}
		{17C5ED61-EEFE-422A-A36F-BD4002675593} = {166EF9D7-293D-41D9-8D65-47AA4DCD03FE}
		{E9F11BAC-2206-4A22-9A4A-5949E5614D8F} = {166EF9D7-293D-41D9-8D65-47AA4DCD03FE}
		{C0363DB3-B265-4BDE-AC9D-B25C16E2127E} = {368067E5-1DA0-4510-938F-1931883E4255}
		{F3A12874-14CF-40C7-A0A5-3289EE5C9891} = {368067E5-1DA0-4510-938F-1931883E4255}
		{461F600F-03FC-4EA3-96AC-E4A52747DC61} = {2DF1F5B6-4FA4-48D9-871C-A8BA416467BF}
		{3AA9F34B-8030-46F4-86BC-B0961BEAD86F} = {17C5ED61-EEFE-422A-A36F-BD4002675593}
		{0FDB9FFE-CAB6-4529-93D9-D2DB65602391} = {E9F11BAC-2206-4A22-9A4A-5949E5614D8F}
		{C5908692-3CCF-44D1-9A11-CF77FAB0FFF4} = {147D36DD-90DC-4B48-BE62-608C21E35EDD}
		{89C25499-909F-4BA8-B1AA-5355014B6DA4} = {943D29A4-42CB-48B0-9F06-034E6E56F14B}
		{8A5BEA99-2DCA-46B0-B1C0-C0C1D780B29D} = {943D29A4-42CB-48B0-9F06-034E6E56F14B}
		{40586BEA-2191-493F-8807-9415CDD6547E} = {943D29A4-42CB-48B0-9F06-034E6E56F14B}
		{69FBF658-DCDF-4B17-AD2F-2D61CF1BAEE7} = {943D29A4-42CB-48B0-9F06-034E6E56F14B}
		{59CE3944-9C86-43EC-9D8A-18A1070CF254} = {8A5BEA99-2DCA-46B0-B1C0-C0C1D780B29D}
		{EAC1A08D-EC91-4A0C-B81B-7B41C14B792B} = {8A5BEA99-2DCA-46B0-B1C0-C0C1D780B29D}
		{5F148975-1174-4AEE-B177-0AC22FA4376A} = {EAC1A08D-EC91-4A0C-B81B-7B41C14B792B}
		{263E38BB-0065-496C-A122-AFA9BEDF9B1D} = {40586BEA-2191-493F-8807-9415CDD6547E}
		{C3F7BC12-C168-4D30-BA9A-BAC70779F257} = {263E38BB-0065-496C-A122-AFA9BEDF9B1D}
		{658A5171-F007-42DE-B285-7D4E9453985F} = {263E38BB-0065-496C-A122-AFA9BEDF9B1D}
		{9B0B744F-5F4E-4C35-8056-5317D31F8EB1} = {89C25499-909F-4BA8-B1AA-5355014B6DA4}
		{6E4CA738-48C6-44B7-ADDC-CF1FDBF29418} = {EAC1A08D-EC91-4A0C-B81B-7B41C14B792B}
		{500041C4-F593-4875-A0BA-8C39CC25DCB0} = {59CE3944-9C86-43EC-9D8A-18A1070CF254}
		{6F7B8651-0202-4F6E-8FC7-D50DA4B0C50C} = {59CE3944-9C86-43EC-9D8A-18A1070CF254}
		{89AC1A2F-4E4C-48C8-A046-197C048D2FEF} = {263E38BB-0065-496C-A122-AFA9BEDF9B1D}
		{40D140B1-B7F0-47D2-ABCC-7A35F041CE63} = {89C25499-909F-4BA8-B1AA-5355014B6DA4}
		{B6120D37-45F3-4359-800A-B11AB626EF27} = {368067E5-1DA0-4510-938F-1931883E4255}
		{80B79DB1-7D35-4464-A8EF-15ED96FF46E7} = {368067E5-1DA0-4510-938F-1931883E4255}
		{10F620C8-1B76-43FF-A850-7FC78E248333} = {E9F11BAC-2206-4A22-9A4A-5949E5614D8F}
		{295EB894-8F16-4F32-A8D6-DC78BFC33B2F} = {147D36DD-90DC-4B48-BE62-608C21E35EDD}
		{79DD2AD0-E4FB-456D-A63D-1B7F5215B160} = {10F620C8-1B76-43FF-A850-7FC78E248333}
		{40106DF9-9CCD-4F83-96D4-80399006834D} = {0FDB9FFE-CAB6-4529-93D9-D2DB65602391}
	EndGlobalSection
	GlobalSection(ExtensibilityGlobals) = postSolution
		SolutionGuid = {A29C0711-BCBB-4C5A-AC45-DAB004FDF353}
	EndGlobalSection
EndGlobal
